
Microsoft Visual Studio Solution File, Format Version 12.00
# Visual Studio Version 17
VisualStudioVersion = 17.13.35806.99 d17.13
MinimumVisualStudioVersion = 10.0.40219.1
Project("{FAE04EC0-301F-11D3-BF4B-00C04F79EFBC}") = "Try, Catch e Finally", "Try, Catch e Finally.csproj", "{82A9C616-3930-474F-B8A6-7FDA7C1D910C}"
EndProject
Global
	GlobalSection(SolutionConfigurationPlatforms) = preSolution
		Debug|Any CPU = Debug|Any CPU
		Release|Any CPU = Release|Any CPU
	EndGlobalSection
	GlobalSection(ProjectConfigurationPlatforms) = postSolution
		{82A9C616-3930-474F-B8A6-7FDA7C1D910C}.Debug|Any CPU.ActiveCfg = Debug|Any CPU
		{82A9C616-3930-474F-B8A6-7FDA7C1D910C}.Debug|Any CPU.Build.0 = Debug|Any CPU
		{82A9C616-3930-474F-B8A6-7FDA7C1D910C}.Release|Any CPU.ActiveCfg = Release|Any CPU
		{82A9C616-3930-474F-B8A6-7FDA7C1D910C}.Release|Any CPU.Build.0 = Release|Any CPU
	EndGlobalSection
	GlobalSection(SolutionProperties) = preSolution
		HideSolutionNode = FALSE
	EndGlobalSection
	GlobalSection(ExtensibilityGlobals) = postSolution
		SolutionGuid = {DEAD310C-3520-41BF-904F-C573F6763874}
	EndGlobalSection
EndGlobal
